// !$*UTF8*$!
{
	archiveVersion = 1;
	classes = {
	};
	objectVersion = 56;
	objects = {

/* Begin PBXBuildFile section */
		C2009BF42BD27F230085A3C0 /* AppDelegate.swift in Sources */ = {isa = PBXBuildFile; fileRef = C2009BF32BD27F230085A3C0 /* AppDelegate.swift */; };
		C2009BF62BD27F230085A3C0 /* SceneDelegate.swift in Sources */ = {isa = PBXBuildFile; fileRef = C2009BF52BD27F230085A3C0 /* SceneDelegate.swift */; };
		C2009BFB2BD27F230085A3C0 /* Main.storyboard in Resources */ = {isa = PBXBuildFile; fileRef = C2009BF92BD27F230085A3C0 /* Main.storyboard */; };
		C2009BFE2BD27F230085A3C0 /* StarzPlay.xcdatamodeld in Sources */ = {isa = PBXBuildFile; fileRef = C2009BFC2BD27F230085A3C0 /* StarzPlay.xcdatamodeld */; };
		C2009C002BD27F2C0085A3C0 /* Assets.xcassets in Resources */ = {isa = PBXBuildFile; fileRef = C2009BFF2BD27F2C0085A3C0 /* Assets.xcassets */; };
		C2009C032BD27F2C0085A3C0 /* LaunchScreen.storyboard in Resources */ = {isa = PBXBuildFile; fileRef = C2009C012BD27F2C0085A3C0 /* LaunchScreen.storyboard */; };
		C2009C0E2BD27F2D0085A3C0 /* StarzPlayTests.swift in Sources */ = {isa = PBXBuildFile; fileRef = C2009C0D2BD27F2D0085A3C0 /* StarzPlayTests.swift */; };
		C2009C182BD27F2D0085A3C0 /* StarzPlayUITests.swift in Sources */ = {isa = PBXBuildFile; fileRef = C2009C172BD27F2D0085A3C0 /* StarzPlayUITests.swift */; };
		C2009C1A2BD27F2D0085A3C0 /* StarzPlayUITestsLaunchTests.swift in Sources */ = {isa = PBXBuildFile; fileRef = C2009C192BD27F2D0085A3C0 /* StarzPlayUITestsLaunchTests.swift */; };
		C2009C332BD289BA0085A3C0 /* BuildConfiguration.swift in Sources */ = {isa = PBXBuildFile; fileRef = C2009C322BD289BA0085A3C0 /* BuildConfiguration.swift */; };
		C2009C402BD4E64E0085A3C0 /* ShowBase.swift in Sources */ = {isa = PBXBuildFile; fileRef = C2009C382BD4E64E0085A3C0 /* ShowBase.swift */; };
		C2009C412BD4E64E0085A3C0 /* Seasons.swift in Sources */ = {isa = PBXBuildFile; fileRef = C2009C392BD4E64E0085A3C0 /* Seasons.swift */; };
		C2009C422BD4E64E0085A3C0 /* NextEpisodeToAir.swift in Sources */ = {isa = PBXBuildFile; fileRef = C2009C3A2BD4E64E0085A3C0 /* NextEpisodeToAir.swift */; };
		C2009C432BD4E64E0085A3C0 /* ProductionCompanies.swift in Sources */ = {isa = PBXBuildFile; fileRef = C2009C3B2BD4E64E0085A3C0 /* ProductionCompanies.swift */; };
		C2009C442BD4E64E0085A3C0 /* Networks.swift in Sources */ = {isa = PBXBuildFile; fileRef = C2009C3C2BD4E64E0085A3C0 /* Networks.swift */; };
		C2009C452BD4E64E0085A3C0 /* CreatedBy.swift in Sources */ = {isa = PBXBuildFile; fileRef = C2009C3D2BD4E64E0085A3C0 /* CreatedBy.swift */; };
		C2009C462BD4E64E0085A3C0 /* LastEpisodeToAir.swift in Sources */ = {isa = PBXBuildFile; fileRef = C2009C3E2BD4E64E0085A3C0 /* LastEpisodeToAir.swift */; };
		C2009C472BD4E64E0085A3C0 /* Genres.swift in Sources */ = {isa = PBXBuildFile; fileRef = C2009C3F2BD4E64E0085A3C0 /* Genres.swift */; };
		C2009C4C2BD4E6660085A3C0 /* Crew.swift in Sources */ = {isa = PBXBuildFile; fileRef = C2009C482BD4E6660085A3C0 /* Crew.swift */; };
		C2009C4D2BD4E6660085A3C0 /* SeasonModel.swift in Sources */ = {isa = PBXBuildFile; fileRef = C2009C492BD4E6660085A3C0 /* SeasonModel.swift */; };
		C2009C4E2BD4E6660085A3C0 /* Episodes.swift in Sources */ = {isa = PBXBuildFile; fileRef = C2009C4A2BD4E6660085A3C0 /* Episodes.swift */; };
		C2009C4F2BD4E6660085A3C0 /* GuestStars.swift in Sources */ = {isa = PBXBuildFile; fileRef = C2009C4B2BD4E6660085A3C0 /* GuestStars.swift */; };
		C2009C572BD5020A0085A3C0 /* ShowInfoPresenter.swift in Sources */ = {isa = PBXBuildFile; fileRef = C2009C512BD5020A0085A3C0 /* ShowInfoPresenter.swift */; };
		C2009C582BD5020A0085A3C0 /* ShowInfoWorker.swift in Sources */ = {isa = PBXBuildFile; fileRef = C2009C522BD5020A0085A3C0 /* ShowInfoWorker.swift */; };
		C2009C592BD5020A0085A3C0 /* ShowInfoRouter.swift in Sources */ = {isa = PBXBuildFile; fileRef = C2009C532BD5020A0085A3C0 /* ShowInfoRouter.swift */; };
		C2009C5A2BD5020A0085A3C0 /* ShowInfoModels.swift in Sources */ = {isa = PBXBuildFile; fileRef = C2009C542BD5020A0085A3C0 /* ShowInfoModels.swift */; };
		C2009C5B2BD5020A0085A3C0 /* ShowInfoViewController.swift in Sources */ = {isa = PBXBuildFile; fileRef = C2009C552BD5020A0085A3C0 /* ShowInfoViewController.swift */; };
		C2009C5C2BD5020A0085A3C0 /* ShowInfoInteractor.swift in Sources */ = {isa = PBXBuildFile; fileRef = C2009C562BD5020A0085A3C0 /* ShowInfoInteractor.swift */; };
		C2009C612BD526400085A3C0 /* StoryboardIdentifiable.swift in Sources */ = {isa = PBXBuildFile; fileRef = C2009C602BD526400085A3C0 /* StoryboardIdentifiable.swift */; };
		C2009C632BD526D80085A3C0 /* UIViewController+StoryboardIdentifier.swift in Sources */ = {isa = PBXBuildFile; fileRef = C2009C622BD526D80085A3C0 /* UIViewController+StoryboardIdentifier.swift */; };
		C2009C652BD527130085A3C0 /* UIStoryboardExtensions.swift in Sources */ = {isa = PBXBuildFile; fileRef = C2009C642BD527130085A3C0 /* UIStoryboardExtensions.swift */; };
		C2009C672BD531F30085A3C0 /* SeasonCell.swift in Sources */ = {isa = PBXBuildFile; fileRef = C2009C662BD531F30085A3C0 /* SeasonCell.swift */; };
		C2009C692BD532120085A3C0 /* EpisodeCell.swift in Sources */ = {isa = PBXBuildFile; fileRef = C2009C682BD532120085A3C0 /* EpisodeCell.swift */; };
/* End PBXBuildFile section */

/* Begin PBXContainerItemProxy section */
		C2009C0A2BD27F2D0085A3C0 /* PBXContainerItemProxy */ = {
			isa = PBXContainerItemProxy;
			containerPortal = C2009BE82BD27F230085A3C0 /* Project object */;
			proxyType = 1;
			remoteGlobalIDString = C2009BEF2BD27F230085A3C0;
			remoteInfo = StarzPlay;
		};
		C2009C142BD27F2D0085A3C0 /* PBXContainerItemProxy */ = {
			isa = PBXContainerItemProxy;
			containerPortal = C2009BE82BD27F230085A3C0 /* Project object */;
			proxyType = 1;
			remoteGlobalIDString = C2009BEF2BD27F230085A3C0;
			remoteInfo = StarzPlay;
		};
/* End PBXContainerItemProxy section */

/* Begin PBXFileReference section */
		C2009BF02BD27F230085A3C0 /* StarzPlay.app */ = {isa = PBXFileReference; explicitFileType = wrapper.application; includeInIndex = 0; path = StarzPlay.app; sourceTree = BUILT_PRODUCTS_DIR; };
		C2009BF32BD27F230085A3C0 /* AppDelegate.swift */ = {isa = PBXFileReference; lastKnownFileType = sourcecode.swift; path = AppDelegate.swift; sourceTree = "<group>"; };
		C2009BF52BD27F230085A3C0 /* SceneDelegate.swift */ = {isa = PBXFileReference; lastKnownFileType = sourcecode.swift; path = SceneDelegate.swift; sourceTree = "<group>"; };
		C2009BFA2BD27F230085A3C0 /* Base */ = {isa = PBXFileReference; lastKnownFileType = file.storyboard; name = Base; path = Base.lproj/Main.storyboard; sourceTree = "<group>"; };
		C2009BFD2BD27F230085A3C0 /* StarzPlay.xcdatamodel */ = {isa = PBXFileReference; lastKnownFileType = wrapper.xcdatamodel; path = StarzPlay.xcdatamodel; sourceTree = "<group>"; };
		C2009BFF2BD27F2C0085A3C0 /* Assets.xcassets */ = {isa = PBXFileReference; lastKnownFileType = folder.assetcatalog; path = Assets.xcassets; sourceTree = "<group>"; };
		C2009C022BD27F2C0085A3C0 /* Base */ = {isa = PBXFileReference; lastKnownFileType = file.storyboard; name = Base; path = Base.lproj/LaunchScreen.storyboard; sourceTree = "<group>"; };
		C2009C042BD27F2C0085A3C0 /* Info.plist */ = {isa = PBXFileReference; lastKnownFileType = text.plist.xml; path = Info.plist; sourceTree = "<group>"; };
		C2009C092BD27F2D0085A3C0 /* StarzPlayTests.xctest */ = {isa = PBXFileReference; explicitFileType = wrapper.cfbundle; includeInIndex = 0; path = StarzPlayTests.xctest; sourceTree = BUILT_PRODUCTS_DIR; };
		C2009C0D2BD27F2D0085A3C0 /* StarzPlayTests.swift */ = {isa = PBXFileReference; lastKnownFileType = sourcecode.swift; path = StarzPlayTests.swift; sourceTree = "<group>"; };
		C2009C132BD27F2D0085A3C0 /* StarzPlayUITests.xctest */ = {isa = PBXFileReference; explicitFileType = wrapper.cfbundle; includeInIndex = 0; path = StarzPlayUITests.xctest; sourceTree = BUILT_PRODUCTS_DIR; };
		C2009C172BD27F2D0085A3C0 /* StarzPlayUITests.swift */ = {isa = PBXFileReference; lastKnownFileType = sourcecode.swift; path = StarzPlayUITests.swift; sourceTree = "<group>"; };
		C2009C192BD27F2D0085A3C0 /* StarzPlayUITestsLaunchTests.swift */ = {isa = PBXFileReference; lastKnownFileType = sourcecode.swift; path = StarzPlayUITestsLaunchTests.swift; sourceTree = "<group>"; };
		C2009C322BD289BA0085A3C0 /* BuildConfiguration.swift */ = {isa = PBXFileReference; lastKnownFileType = sourcecode.swift; path = BuildConfiguration.swift; sourceTree = "<group>"; };
		C2009C382BD4E64E0085A3C0 /* ShowBase.swift */ = {isa = PBXFileReference; fileEncoding = 4; lastKnownFileType = sourcecode.swift; path = ShowBase.swift; sourceTree = "<group>"; };
		C2009C392BD4E64E0085A3C0 /* Seasons.swift */ = {isa = PBXFileReference; fileEncoding = 4; lastKnownFileType = sourcecode.swift; path = Seasons.swift; sourceTree = "<group>"; };
		C2009C3A2BD4E64E0085A3C0 /* NextEpisodeToAir.swift */ = {isa = PBXFileReference; fileEncoding = 4; lastKnownFileType = sourcecode.swift; path = NextEpisodeToAir.swift; sourceTree = "<group>"; };
		C2009C3B2BD4E64E0085A3C0 /* ProductionCompanies.swift */ = {isa = PBXFileReference; fileEncoding = 4; lastKnownFileType = sourcecode.swift; path = ProductionCompanies.swift; sourceTree = "<group>"; };
		C2009C3C2BD4E64E0085A3C0 /* Networks.swift */ = {isa = PBXFileReference; fileEncoding = 4; lastKnownFileType = sourcecode.swift; path = Networks.swift; sourceTree = "<group>"; };
		C2009C3D2BD4E64E0085A3C0 /* CreatedBy.swift */ = {isa = PBXFileReference; fileEncoding = 4; lastKnownFileType = sourcecode.swift; path = CreatedBy.swift; sourceTree = "<group>"; };
		C2009C3E2BD4E64E0085A3C0 /* LastEpisodeToAir.swift */ = {isa = PBXFileReference; fileEncoding = 4; lastKnownFileType = sourcecode.swift; path = LastEpisodeToAir.swift; sourceTree = "<group>"; };
		C2009C3F2BD4E64E0085A3C0 /* Genres.swift */ = {isa = PBXFileReference; fileEncoding = 4; lastKnownFileType = sourcecode.swift; path = Genres.swift; sourceTree = "<group>"; };
		C2009C482BD4E6660085A3C0 /* Crew.swift */ = {isa = PBXFileReference; fileEncoding = 4; lastKnownFileType = sourcecode.swift; path = Crew.swift; sourceTree = "<group>"; };
		C2009C492BD4E6660085A3C0 /* SeasonModel.swift */ = {isa = PBXFileReference; fileEncoding = 4; lastKnownFileType = sourcecode.swift; path = SeasonModel.swift; sourceTree = "<group>"; };
		C2009C4A2BD4E6660085A3C0 /* Episodes.swift */ = {isa = PBXFileReference; fileEncoding = 4; lastKnownFileType = sourcecode.swift; path = Episodes.swift; sourceTree = "<group>"; };
		C2009C4B2BD4E6660085A3C0 /* GuestStars.swift */ = {isa = PBXFileReference; fileEncoding = 4; lastKnownFileType = sourcecode.swift; path = GuestStars.swift; sourceTree = "<group>"; };
		C2009C512BD5020A0085A3C0 /* ShowInfoPresenter.swift */ = {isa = PBXFileReference; lastKnownFileType = sourcecode.swift; path = ShowInfoPresenter.swift; sourceTree = "<group>"; };
		C2009C522BD5020A0085A3C0 /* ShowInfoWorker.swift */ = {isa = PBXFileReference; lastKnownFileType = sourcecode.swift; path = ShowInfoWorker.swift; sourceTree = "<group>"; };
		C2009C532BD5020A0085A3C0 /* ShowInfoRouter.swift */ = {isa = PBXFileReference; lastKnownFileType = sourcecode.swift; path = ShowInfoRouter.swift; sourceTree = "<group>"; };
		C2009C542BD5020A0085A3C0 /* ShowInfoModels.swift */ = {isa = PBXFileReference; lastKnownFileType = sourcecode.swift; path = ShowInfoModels.swift; sourceTree = "<group>"; };
		C2009C552BD5020A0085A3C0 /* ShowInfoViewController.swift */ = {isa = PBXFileReference; lastKnownFileType = sourcecode.swift; path = ShowInfoViewController.swift; sourceTree = "<group>"; };
		C2009C562BD5020A0085A3C0 /* ShowInfoInteractor.swift */ = {isa = PBXFileReference; lastKnownFileType = sourcecode.swift; path = ShowInfoInteractor.swift; sourceTree = "<group>"; };
		C2009C602BD526400085A3C0 /* StoryboardIdentifiable.swift */ = {isa = PBXFileReference; lastKnownFileType = sourcecode.swift; path = StoryboardIdentifiable.swift; sourceTree = "<group>"; };
		C2009C622BD526D80085A3C0 /* UIViewController+StoryboardIdentifier.swift */ = {isa = PBXFileReference; lastKnownFileType = sourcecode.swift; path = "UIViewController+StoryboardIdentifier.swift"; sourceTree = "<group>"; };
		C2009C642BD527130085A3C0 /* UIStoryboardExtensions.swift */ = {isa = PBXFileReference; lastKnownFileType = sourcecode.swift; path = UIStoryboardExtensions.swift; sourceTree = "<group>"; };
		C2009C662BD531F30085A3C0 /* SeasonCell.swift */ = {isa = PBXFileReference; lastKnownFileType = sourcecode.swift; path = SeasonCell.swift; sourceTree = "<group>"; };
		C2009C682BD532120085A3C0 /* EpisodeCell.swift */ = {isa = PBXFileReference; lastKnownFileType = sourcecode.swift; path = EpisodeCell.swift; sourceTree = "<group>"; };
/* End PBXFileReference section */

/* Begin PBXFrameworksBuildPhase section */
		C2009BED2BD27F230085A3C0 /* Frameworks */ = {
			isa = PBXFrameworksBuildPhase;
			buildActionMask = 2147483647;
			files = (
			);
			runOnlyForDeploymentPostprocessing = 0;
		};
		C2009C062BD27F2D0085A3C0 /* Frameworks */ = {
			isa = PBXFrameworksBuildPhase;
			buildActionMask = 2147483647;
			files = (
			);
			runOnlyForDeploymentPostprocessing = 0;
		};
		C2009C102BD27F2D0085A3C0 /* Frameworks */ = {
			isa = PBXFrameworksBuildPhase;
			buildActionMask = 2147483647;
			files = (
			);
			runOnlyForDeploymentPostprocessing = 0;
		};
/* End PBXFrameworksBuildPhase section */

/* Begin PBXGroup section */
		C2009BE72BD27F230085A3C0 = {
			isa = PBXGroup;
			children = (
				C2009BF22BD27F230085A3C0 /* StarzPlay */,
				C2009C0C2BD27F2D0085A3C0 /* StarzPlayTests */,
				C2009C162BD27F2D0085A3C0 /* StarzPlayUITests */,
				C2009BF12BD27F230085A3C0 /* Products */,
			);
			sourceTree = "<group>";
		};
		C2009BF12BD27F230085A3C0 /* Products */ = {
			isa = PBXGroup;
			children = (
				C2009BF02BD27F230085A3C0 /* StarzPlay.app */,
				C2009C092BD27F2D0085A3C0 /* StarzPlayTests.xctest */,
				C2009C132BD27F2D0085A3C0 /* StarzPlayUITests.xctest */,
			);
			name = Products;
			sourceTree = "<group>";
		};
		C2009BF22BD27F230085A3C0 /* StarzPlay */ = {
			isa = PBXGroup;
			children = (
				C2009C282BD284620085A3C0 /* BuildConfiguration */,
				C2009C312BD2862E0085A3C0 /* Network */,
				C2009C272BD284530085A3C0 /* Stubs */,
				C2009C262BD2844C0085A3C0 /* Models */,
				C2009C292BD284760085A3C0 /* Resources */,
				C2009C5D2BD525E10085A3C0 /* Utilities */,
				C2009C2B2BD284880085A3C0 /* Views */,
				C2009C2A2BD2847E0085A3C0 /* Scenes */,
				C2009BF32BD27F230085A3C0 /* AppDelegate.swift */,
				C2009BF52BD27F230085A3C0 /* SceneDelegate.swift */,
				C2009C042BD27F2C0085A3C0 /* Info.plist */,
				C2009BFC2BD27F230085A3C0 /* StarzPlay.xcdatamodeld */,
			);
			path = StarzPlay;
			sourceTree = "<group>";
		};
		C2009C0C2BD27F2D0085A3C0 /* StarzPlayTests */ = {
			isa = PBXGroup;
			children = (
				C2009C0D2BD27F2D0085A3C0 /* StarzPlayTests.swift */,
			);
			path = StarzPlayTests;
			sourceTree = "<group>";
		};
		C2009C162BD27F2D0085A3C0 /* StarzPlayUITests */ = {
			isa = PBXGroup;
			children = (
				C2009C172BD27F2D0085A3C0 /* StarzPlayUITests.swift */,
				C2009C192BD27F2D0085A3C0 /* StarzPlayUITestsLaunchTests.swift */,
			);
			path = StarzPlayUITests;
			sourceTree = "<group>";
		};
		C2009C262BD2844C0085A3C0 /* Models */ = {
			isa = PBXGroup;
			children = (
				C2009C352BD4E5530085A3C0 /* SeasonDetail */,
				C2009C342BD4E5360085A3C0 /* Show */,
			);
			path = Models;
			sourceTree = "<group>";
		};
		C2009C272BD284530085A3C0 /* Stubs */ = {
			isa = PBXGroup;
			children = (
			);
			path = Stubs;
			sourceTree = "<group>";
		};
		C2009C282BD284620085A3C0 /* BuildConfiguration */ = {
			isa = PBXGroup;
			children = (
				C2009C322BD289BA0085A3C0 /* BuildConfiguration.swift */,
			);
			path = BuildConfiguration;
			sourceTree = "<group>";
		};
		C2009C292BD284760085A3C0 /* Resources */ = {
			isa = PBXGroup;
			children = (
				C2009BFF2BD27F2C0085A3C0 /* Assets.xcassets */,
			);
			path = Resources;
			sourceTree = "<group>";
		};
		C2009C2A2BD2847E0085A3C0 /* Scenes */ = {
			isa = PBXGroup;
			children = (
				C2009C502BD501C50085A3C0 /* ShowInfo */,
			);
			path = Scenes;
			sourceTree = "<group>";
		};
		C2009C2B2BD284880085A3C0 /* Views */ = {
			isa = PBXGroup;
			children = (
				C2009C2E2BD2850C0085A3C0 /* Cells */,
				C2009C2D2BD284C00085A3C0 /* XIBs */,
				C2009C2C2BD284A30085A3C0 /* Storyboards */,
			);
			path = Views;
			sourceTree = "<group>";
		};
		C2009C2C2BD284A30085A3C0 /* Storyboards */ = {
			isa = PBXGroup;
			children = (
				C2009C012BD27F2C0085A3C0 /* LaunchScreen.storyboard */,
				C2009BF92BD27F230085A3C0 /* Main.storyboard */,
			);
			path = Storyboards;
			sourceTree = "<group>";
		};
		C2009C2D2BD284C00085A3C0 /* XIBs */ = {
			isa = PBXGroup;
			children = (
			);
			path = XIBs;
			sourceTree = "<group>";
		};
		C2009C2E2BD2850C0085A3C0 /* Cells */ = {
			isa = PBXGroup;
			children = (
				C2009C2F2BD2851B0085A3C0 /* TableViewCells */,
				C2009C302BD2852A0085A3C0 /* CollectionViewCells */,
			);
			path = Cells;
			sourceTree = "<group>";
		};
		C2009C2F2BD2851B0085A3C0 /* TableViewCells */ = {
			isa = PBXGroup;
			children = (
				C2009C682BD532120085A3C0 /* EpisodeCell.swift */,
			);
			path = TableViewCells;
			sourceTree = "<group>";
		};
		C2009C302BD2852A0085A3C0 /* CollectionViewCells */ = {
			isa = PBXGroup;
			children = (
				C2009C662BD531F30085A3C0 /* SeasonCell.swift */,
			);
			path = CollectionViewCells;
			sourceTree = "<group>";
		};
		C2009C312BD2862E0085A3C0 /* Network */ = {
			isa = PBXGroup;
			children = (
			);
			path = Network;
			sourceTree = "<group>";
		};
		C2009C342BD4E5360085A3C0 /* Show */ = {
			isa = PBXGroup;
			children = (
				C2009C3D2BD4E64E0085A3C0 /* CreatedBy.swift */,
				C2009C3F2BD4E64E0085A3C0 /* Genres.swift */,
				C2009C3E2BD4E64E0085A3C0 /* LastEpisodeToAir.swift */,
				C2009C3C2BD4E64E0085A3C0 /* Networks.swift */,
				C2009C3A2BD4E64E0085A3C0 /* NextEpisodeToAir.swift */,
				C2009C3B2BD4E64E0085A3C0 /* ProductionCompanies.swift */,
				C2009C392BD4E64E0085A3C0 /* Seasons.swift */,
				C2009C382BD4E64E0085A3C0 /* ShowBase.swift */,
			);
			path = Show;
			sourceTree = "<group>";
		};
		C2009C352BD4E5530085A3C0 /* SeasonDetail */ = {
			isa = PBXGroup;
			children = (
				C2009C482BD4E6660085A3C0 /* Crew.swift */,
				C2009C4A2BD4E6660085A3C0 /* Episodes.swift */,
				C2009C4B2BD4E6660085A3C0 /* GuestStars.swift */,
				C2009C492BD4E6660085A3C0 /* SeasonModel.swift */,
			);
			path = SeasonDetail;
			sourceTree = "<group>";
		};
		C2009C502BD501C50085A3C0 /* ShowInfo */ = {
			isa = PBXGroup;
			children = (
				C2009C512BD5020A0085A3C0 /* ShowInfoPresenter.swift */,
				C2009C522BD5020A0085A3C0 /* ShowInfoWorker.swift */,
				C2009C532BD5020A0085A3C0 /* ShowInfoRouter.swift */,
				C2009C542BD5020A0085A3C0 /* ShowInfoModels.swift */,
				C2009C552BD5020A0085A3C0 /* ShowInfoViewController.swift */,
				C2009C562BD5020A0085A3C0 /* ShowInfoInteractor.swift */,
			);
			path = ShowInfo;
			sourceTree = "<group>";
		};
		C2009C5D2BD525E10085A3C0 /* Utilities */ = {
			isa = PBXGroup;
			children = (
				C2009C5E2BD526140085A3C0 /* Extensions */,
			);
			path = Utilities;
			sourceTree = "<group>";
		};
		C2009C5E2BD526140085A3C0 /* Extensions */ = {
			isa = PBXGroup;
			children = (
				C2009C5F2BD526220085A3C0 /* StoryBoardExtension */,
			);
			path = Extensions;
			sourceTree = "<group>";
		};
		C2009C5F2BD526220085A3C0 /* StoryBoardExtension */ = {
			isa = PBXGroup;
			children = (
				C2009C602BD526400085A3C0 /* StoryboardIdentifiable.swift */,
				C2009C642BD527130085A3C0 /* UIStoryboardExtensions.swift */,
				C2009C622BD526D80085A3C0 /* UIViewController+StoryboardIdentifier.swift */,
			);
			path = StoryBoardExtension;
			sourceTree = "<group>";
		};
/* End PBXGroup section */

/* Begin PBXNativeTarget section */
		C2009BEF2BD27F230085A3C0 /* StarzPlay */ = {
			isa = PBXNativeTarget;
			buildConfigurationList = C2009C1D2BD27F2D0085A3C0 /* Build configuration list for PBXNativeTarget "StarzPlay" */;
			buildPhases = (
				C2009BEC2BD27F230085A3C0 /* Sources */,
				C2009BED2BD27F230085A3C0 /* Frameworks */,
				C2009BEE2BD27F230085A3C0 /* Resources */,
			);
			buildRules = (
			);
			dependencies = (
			);
			name = StarzPlay;
			productName = StarzPlay;
			productReference = C2009BF02BD27F230085A3C0 /* StarzPlay.app */;
			productType = "com.apple.product-type.application";
		};
		C2009C082BD27F2D0085A3C0 /* StarzPlayTests */ = {
			isa = PBXNativeTarget;
			buildConfigurationList = C2009C202BD27F2D0085A3C0 /* Build configuration list for PBXNativeTarget "StarzPlayTests" */;
			buildPhases = (
				C2009C052BD27F2D0085A3C0 /* Sources */,
				C2009C062BD27F2D0085A3C0 /* Frameworks */,
				C2009C072BD27F2D0085A3C0 /* Resources */,
			);
			buildRules = (
			);
			dependencies = (
				C2009C0B2BD27F2D0085A3C0 /* PBXTargetDependency */,
			);
			name = StarzPlayTests;
			productName = StarzPlayTests;
			productReference = C2009C092BD27F2D0085A3C0 /* StarzPlayTests.xctest */;
			productType = "com.apple.product-type.bundle.unit-test";
		};
		C2009C122BD27F2D0085A3C0 /* StarzPlayUITests */ = {
			isa = PBXNativeTarget;
			buildConfigurationList = C2009C232BD27F2D0085A3C0 /* Build configuration list for PBXNativeTarget "StarzPlayUITests" */;
			buildPhases = (
				C2009C0F2BD27F2D0085A3C0 /* Sources */,
				C2009C102BD27F2D0085A3C0 /* Frameworks */,
				C2009C112BD27F2D0085A3C0 /* Resources */,
			);
			buildRules = (
			);
			dependencies = (
				C2009C152BD27F2D0085A3C0 /* PBXTargetDependency */,
			);
			name = StarzPlayUITests;
			productName = StarzPlayUITests;
			productReference = C2009C132BD27F2D0085A3C0 /* StarzPlayUITests.xctest */;
			productType = "com.apple.product-type.bundle.ui-testing";
		};
/* End PBXNativeTarget section */

/* Begin PBXProject section */
		C2009BE82BD27F230085A3C0 /* Project object */ = {
			isa = PBXProject;
			attributes = {
				BuildIndependentTargetsInParallel = 1;
				LastSwiftUpdateCheck = 1520;
				LastUpgradeCheck = 1520;
				TargetAttributes = {
					C2009BEF2BD27F230085A3C0 = {
						CreatedOnToolsVersion = 15.2;
					};
					C2009C082BD27F2D0085A3C0 = {
						CreatedOnToolsVersion = 15.2;
						TestTargetID = C2009BEF2BD27F230085A3C0;
					};
					C2009C122BD27F2D0085A3C0 = {
						CreatedOnToolsVersion = 15.2;
						TestTargetID = C2009BEF2BD27F230085A3C0;
					};
				};
			};
			buildConfigurationList = C2009BEB2BD27F230085A3C0 /* Build configuration list for PBXProject "StarzPlay" */;
			compatibilityVersion = "Xcode 14.0";
			developmentRegion = en;
			hasScannedForEncodings = 0;
			knownRegions = (
				en,
				Base,
			);
			mainGroup = C2009BE72BD27F230085A3C0;
			productRefGroup = C2009BF12BD27F230085A3C0 /* Products */;
			projectDirPath = "";
			projectRoot = "";
			targets = (
				C2009BEF2BD27F230085A3C0 /* StarzPlay */,
				C2009C082BD27F2D0085A3C0 /* StarzPlayTests */,
				C2009C122BD27F2D0085A3C0 /* StarzPlayUITests */,
			);
		};
/* End PBXProject section */

/* Begin PBXResourcesBuildPhase section */
		C2009BEE2BD27F230085A3C0 /* Resources */ = {
			isa = PBXResourcesBuildPhase;
			buildActionMask = 2147483647;
			files = (
				C2009C032BD27F2C0085A3C0 /* LaunchScreen.storyboard in Resources */,
				C2009C002BD27F2C0085A3C0 /* Assets.xcassets in Resources */,
				C2009BFB2BD27F230085A3C0 /* Main.storyboard in Resources */,
			);
			runOnlyForDeploymentPostprocessing = 0;
		};
		C2009C072BD27F2D0085A3C0 /* Resources */ = {
			isa = PBXResourcesBuildPhase;
			buildActionMask = 2147483647;
			files = (
			);
			runOnlyForDeploymentPostprocessing = 0;
		};
		C2009C112BD27F2D0085A3C0 /* Resources */ = {
			isa = PBXResourcesBuildPhase;
			buildActionMask = 2147483647;
			files = (
			);
			runOnlyForDeploymentPostprocessing = 0;
		};
/* End PBXResourcesBuildPhase section */

/* Begin PBXSourcesBuildPhase section */
		C2009BEC2BD27F230085A3C0 /* Sources */ = {
			isa = PBXSourcesBuildPhase;
			buildActionMask = 2147483647;
			files = (
				C2009C632BD526D80085A3C0 /* UIViewController+StoryboardIdentifier.swift in Sources */,
				C2009C422BD4E64E0085A3C0 /* NextEpisodeToAir.swift in Sources */,
				C2009C462BD4E64E0085A3C0 /* LastEpisodeToAir.swift in Sources */,
				C2009C332BD289BA0085A3C0 /* BuildConfiguration.swift in Sources */,
				C2009C582BD5020A0085A3C0 /* ShowInfoWorker.swift in Sources */,
				C2009C442BD4E64E0085A3C0 /* Networks.swift in Sources */,
				C2009BFE2BD27F230085A3C0 /* StarzPlay.xcdatamodeld in Sources */,
				C2009C5C2BD5020A0085A3C0 /* ShowInfoInteractor.swift in Sources */,
				C2009C4E2BD4E6660085A3C0 /* Episodes.swift in Sources */,
				C2009C612BD526400085A3C0 /* StoryboardIdentifiable.swift in Sources */,
				C2009C672BD531F30085A3C0 /* SeasonCell.swift in Sources */,
				C2009C5B2BD5020A0085A3C0 /* ShowInfoViewController.swift in Sources */,
				C2009C4D2BD4E6660085A3C0 /* SeasonModel.swift in Sources */,
				C2009C472BD4E64E0085A3C0 /* Genres.swift in Sources */,
				C2009C452BD4E64E0085A3C0 /* CreatedBy.swift in Sources */,
				C2009C432BD4E64E0085A3C0 /* ProductionCompanies.swift in Sources */,
				C2009C652BD527130085A3C0 /* UIStoryboardExtensions.swift in Sources */,
				C2009BF42BD27F230085A3C0 /* AppDelegate.swift in Sources */,
				C2009C5A2BD5020A0085A3C0 /* ShowInfoModels.swift in Sources */,
				C2009C592BD5020A0085A3C0 /* ShowInfoRouter.swift in Sources */,
				C2009C4C2BD4E6660085A3C0 /* Crew.swift in Sources */,
				C2009C572BD5020A0085A3C0 /* ShowInfoPresenter.swift in Sources */,
				C2009BF62BD27F230085A3C0 /* SceneDelegate.swift in Sources */,
				C2009C402BD4E64E0085A3C0 /* ShowBase.swift in Sources */,
				C2009C692BD532120085A3C0 /* EpisodeCell.swift in Sources */,
				C2009C412BD4E64E0085A3C0 /* Seasons.swift in Sources */,
				C2009C4F2BD4E6660085A3C0 /* GuestStars.swift in Sources */,
			);
			runOnlyForDeploymentPostprocessing = 0;
		};
		C2009C052BD27F2D0085A3C0 /* Sources */ = {
			isa = PBXSourcesBuildPhase;
			buildActionMask = 2147483647;
			files = (
				C2009C0E2BD27F2D0085A3C0 /* StarzPlayTests.swift in Sources */,
			);
			runOnlyForDeploymentPostprocessing = 0;
		};
		C2009C0F2BD27F2D0085A3C0 /* Sources */ = {
			isa = PBXSourcesBuildPhase;
			buildActionMask = 2147483647;
			files = (
				C2009C182BD27F2D0085A3C0 /* StarzPlayUITests.swift in Sources */,
				C2009C1A2BD27F2D0085A3C0 /* StarzPlayUITestsLaunchTests.swift in Sources */,
			);
			runOnlyForDeploymentPostprocessing = 0;
		};
/* End PBXSourcesBuildPhase section */

/* Begin PBXTargetDependency section */
		C2009C0B2BD27F2D0085A3C0 /* PBXTargetDependency */ = {
			isa = PBXTargetDependency;
			target = C2009BEF2BD27F230085A3C0 /* StarzPlay */;
			targetProxy = C2009C0A2BD27F2D0085A3C0 /* PBXContainerItemProxy */;
		};
		C2009C152BD27F2D0085A3C0 /* PBXTargetDependency */ = {
			isa = PBXTargetDependency;
			target = C2009BEF2BD27F230085A3C0 /* StarzPlay */;
			targetProxy = C2009C142BD27F2D0085A3C0 /* PBXContainerItemProxy */;
		};
/* End PBXTargetDependency section */

/* Begin PBXVariantGroup section */
		C2009BF92BD27F230085A3C0 /* Main.storyboard */ = {
			isa = PBXVariantGroup;
			children = (
				C2009BFA2BD27F230085A3C0 /* Base */,
			);
			name = Main.storyboard;
			sourceTree = "<group>";
		};
		C2009C012BD27F2C0085A3C0 /* LaunchScreen.storyboard */ = {
			isa = PBXVariantGroup;
			children = (
				C2009C022BD27F2C0085A3C0 /* Base */,
			);
			name = LaunchScreen.storyboard;
			sourceTree = "<group>";
		};
/* End PBXVariantGroup section */

/* Begin XCBuildConfiguration section */
		C2009C1B2BD27F2D0085A3C0 /* Debug */ = {
			isa = XCBuildConfiguration;
			buildSettings = {
				ALWAYS_SEARCH_USER_PATHS = NO;
				ASSETCATALOG_COMPILER_GENERATE_SWIFT_ASSET_SYMBOL_EXTENSIONS = YES;
				CLANG_ANALYZER_NONNULL = YES;
				CLANG_ANALYZER_NUMBER_OBJECT_CONVERSION = YES_AGGRESSIVE;
				CLANG_CXX_LANGUAGE_STANDARD = "gnu++20";
				CLANG_ENABLE_MODULES = YES;
				CLANG_ENABLE_OBJC_ARC = YES;
				CLANG_ENABLE_OBJC_WEAK = YES;
				CLANG_WARN_BLOCK_CAPTURE_AUTORELEASING = YES;
				CLANG_WARN_BOOL_CONVERSION = YES;
				CLANG_WARN_COMMA = YES;
				CLANG_WARN_CONSTANT_CONVERSION = YES;
				CLANG_WARN_DEPRECATED_OBJC_IMPLEMENTATIONS = YES;
				CLANG_WARN_DIRECT_OBJC_ISA_USAGE = YES_ERROR;
				CLANG_WARN_DOCUMENTATION_COMMENTS = YES;
				CLANG_WARN_EMPTY_BODY = YES;
				CLANG_WARN_ENUM_CONVERSION = YES;
				CLANG_WARN_INFINITE_RECURSION = YES;
				CLANG_WARN_INT_CONVERSION = YES;
				CLANG_WARN_NON_LITERAL_NULL_CONVERSION = YES;
				CLANG_WARN_OBJC_IMPLICIT_RETAIN_SELF = YES;
				CLANG_WARN_OBJC_LITERAL_CONVERSION = YES;
				CLANG_WARN_OBJC_ROOT_CLASS = YES_ERROR;
				CLANG_WARN_QUOTED_INCLUDE_IN_FRAMEWORK_HEADER = YES;
				CLANG_WARN_RANGE_LOOP_ANALYSIS = YES;
				CLANG_WARN_STRICT_PROTOTYPES = YES;
				CLANG_WARN_SUSPICIOUS_MOVE = YES;
				CLANG_WARN_UNGUARDED_AVAILABILITY = YES_AGGRESSIVE;
				CLANG_WARN_UNREACHABLE_CODE = YES;
				CLANG_WARN__DUPLICATE_METHOD_MATCH = YES;
				COPY_PHASE_STRIP = NO;
				DEBUG_INFORMATION_FORMAT = dwarf;
				ENABLE_STRICT_OBJC_MSGSEND = YES;
				ENABLE_TESTABILITY = YES;
				ENABLE_USER_SCRIPT_SANDBOXING = YES;
				GCC_C_LANGUAGE_STANDARD = gnu17;
				GCC_DYNAMIC_NO_PIC = NO;
				GCC_NO_COMMON_BLOCKS = YES;
				GCC_OPTIMIZATION_LEVEL = 0;
				GCC_PREPROCESSOR_DEFINITIONS = (
					"DEBUG=1",
					"$(inherited)",
				);
				GCC_WARN_64_TO_32_BIT_CONVERSION = YES;
				GCC_WARN_ABOUT_RETURN_TYPE = YES_ERROR;
				GCC_WARN_UNDECLARED_SELECTOR = YES;
				GCC_WARN_UNINITIALIZED_AUTOS = YES_AGGRESSIVE;
				GCC_WARN_UNUSED_FUNCTION = YES;
				GCC_WARN_UNUSED_VARIABLE = YES;
				IPHONEOS_DEPLOYMENT_TARGET = 17.2;
				LOCALIZATION_PREFERS_STRING_CATALOGS = YES;
				MTL_ENABLE_DEBUG_INFO = INCLUDE_SOURCE;
				MTL_FAST_MATH = YES;
				ONLY_ACTIVE_ARCH = YES;
				SDKROOT = iphoneos;
				SWIFT_ACTIVE_COMPILATION_CONDITIONS = "DEBUG $(inherited)";
				SWIFT_OPTIMIZATION_LEVEL = "-Onone";
			};
			name = Debug;
		};
		C2009C1C2BD27F2D0085A3C0 /* Release */ = {
			isa = XCBuildConfiguration;
			buildSettings = {
				ALWAYS_SEARCH_USER_PATHS = NO;
				ASSETCATALOG_COMPILER_GENERATE_SWIFT_ASSET_SYMBOL_EXTENSIONS = YES;
				CLANG_ANALYZER_NONNULL = YES;
				CLANG_ANALYZER_NUMBER_OBJECT_CONVERSION = YES_AGGRESSIVE;
				CLANG_CXX_LANGUAGE_STANDARD = "gnu++20";
				CLANG_ENABLE_MODULES = YES;
				CLANG_ENABLE_OBJC_ARC = YES;
				CLANG_ENABLE_OBJC_WEAK = YES;
				CLANG_WARN_BLOCK_CAPTURE_AUTORELEASING = YES;
				CLANG_WARN_BOOL_CONVERSION = YES;
				CLANG_WARN_COMMA = YES;
				CLANG_WARN_CONSTANT_CONVERSION = YES;
				CLANG_WARN_DEPRECATED_OBJC_IMPLEMENTATIONS = YES;
				CLANG_WARN_DIRECT_OBJC_ISA_USAGE = YES_ERROR;
				CLANG_WARN_DOCUMENTATION_COMMENTS = YES;
				CLANG_WARN_EMPTY_BODY = YES;
				CLANG_WARN_ENUM_CONVERSION = YES;
				CLANG_WARN_INFINITE_RECURSION = YES;
				CLANG_WARN_INT_CONVERSION = YES;
				CLANG_WARN_NON_LITERAL_NULL_CONVERSION = YES;
				CLANG_WARN_OBJC_IMPLICIT_RETAIN_SELF = YES;
				CLANG_WARN_OBJC_LITERAL_CONVERSION = YES;
				CLANG_WARN_OBJC_ROOT_CLASS = YES_ERROR;
				CLANG_WARN_QUOTED_INCLUDE_IN_FRAMEWORK_HEADER = YES;
				CLANG_WARN_RANGE_LOOP_ANALYSIS = YES;
				CLANG_WARN_STRICT_PROTOTYPES = YES;
				CLANG_WARN_SUSPICIOUS_MOVE = YES;
				CLANG_WARN_UNGUARDED_AVAILABILITY = YES_AGGRESSIVE;
				CLANG_WARN_UNREACHABLE_CODE = YES;
				CLANG_WARN__DUPLICATE_METHOD_MATCH = YES;
				COPY_PHASE_STRIP = NO;
				DEBUG_INFORMATION_FORMAT = "dwarf-with-dsym";
				ENABLE_NS_ASSERTIONS = NO;
				ENABLE_STRICT_OBJC_MSGSEND = YES;
				ENABLE_USER_SCRIPT_SANDBOXING = YES;
				GCC_C_LANGUAGE_STANDARD = gnu17;
				GCC_NO_COMMON_BLOCKS = YES;
				GCC_WARN_64_TO_32_BIT_CONVERSION = YES;
				GCC_WARN_ABOUT_RETURN_TYPE = YES_ERROR;
				GCC_WARN_UNDECLARED_SELECTOR = YES;
				GCC_WARN_UNINITIALIZED_AUTOS = YES_AGGRESSIVE;
				GCC_WARN_UNUSED_FUNCTION = YES;
				GCC_WARN_UNUSED_VARIABLE = YES;
				IPHONEOS_DEPLOYMENT_TARGET = 17.2;
				LOCALIZATION_PREFERS_STRING_CATALOGS = YES;
				MTL_ENABLE_DEBUG_INFO = NO;
				MTL_FAST_MATH = YES;
				SDKROOT = iphoneos;
				SWIFT_COMPILATION_MODE = wholemodule;
				VALIDATE_PRODUCT = YES;
			};
			name = Release;
		};
		C2009C1E2BD27F2D0085A3C0 /* Debug */ = {
			isa = XCBuildConfiguration;
			buildSettings = {
				ASSETCATALOG_COMPILER_APPICON_NAME = AppIcon;
				ASSETCATALOG_COMPILER_GLOBAL_ACCENT_COLOR_NAME = AccentColor;
				CODE_SIGN_STYLE = Automatic;
				CURRENT_PROJECT_VERSION = 1;
				GENERATE_INFOPLIST_FILE = YES;
				INFOPLIST_FILE = StarzPlay/Info.plist;
				INFOPLIST_KEY_UIApplicationSupportsIndirectInputEvents = YES;
				INFOPLIST_KEY_UILaunchStoryboardName = LaunchScreen;
				INFOPLIST_KEY_UIMainStoryboardFile = Main;
				INFOPLIST_KEY_UISupportedInterfaceOrientations = UIInterfaceOrientationPortrait;
				LD_RUNPATH_SEARCH_PATHS = (
					"$(inherited)",
					"@executable_path/Frameworks",
				);
				MARKETING_VERSION = 1.0;
				PRODUCT_BUNDLE_IDENTIFIER = com.learning.StarzPlay;
				PRODUCT_NAME = "$(TARGET_NAME)";
				SWIFT_EMIT_LOC_STRINGS = YES;
				SWIFT_VERSION = 5.0;
				TARGETED_DEVICE_FAMILY = "1,2";
			};
			name = Debug;
		};
		C2009C1F2BD27F2D0085A3C0 /* Release */ = {
			isa = XCBuildConfiguration;
			buildSettings = {
				ASSETCATALOG_COMPILER_APPICON_NAME = AppIcon;
				ASSETCATALOG_COMPILER_GLOBAL_ACCENT_COLOR_NAME = AccentColor;
				CODE_SIGN_STYLE = Automatic;
				CURRENT_PROJECT_VERSION = 1;
				GENERATE_INFOPLIST_FILE = YES;
				INFOPLIST_FILE = StarzPlay/Info.plist;
				INFOPLIST_KEY_UIApplicationSupportsIndirectInputEvents = YES;
				INFOPLIST_KEY_UILaunchStoryboardName = LaunchScreen;
				INFOPLIST_KEY_UIMainStoryboardFile = Main;
				INFOPLIST_KEY_UISupportedInterfaceOrientations = UIInterfaceOrientationPortrait;
				LD_RUNPATH_SEARCH_PATHS = (
					"$(inherited)",
					"@executable_path/Frameworks",
				);
				MARKETING_VERSION = 1.0;
				PRODUCT_BUNDLE_IDENTIFIER = com.learning.StarzPlay;
				PRODUCT_NAME = "$(TARGET_NAME)";
				SWIFT_EMIT_LOC_STRINGS = YES;
				SWIFT_VERSION = 5.0;
				TARGETED_DEVICE_FAMILY = "1,2";
			};
			name = Release;
		};
		C2009C212BD27F2D0085A3C0 /* Debug */ = {
			isa = XCBuildConfiguration;
			buildSettings = {
				ALWAYS_EMBED_SWIFT_STANDARD_LIBRARIES = YES;
				BUNDLE_LOADER = "$(TEST_HOST)";
				CODE_SIGN_STYLE = Automatic;
				CURRENT_PROJECT_VERSION = 1;
				GENERATE_INFOPLIST_FILE = YES;
				IPHONEOS_DEPLOYMENT_TARGET = 17.2;
				MARKETING_VERSION = 1.0;
				PRODUCT_BUNDLE_IDENTIFIER = com.learning.StarzPlayTests;
				PRODUCT_NAME = "$(TARGET_NAME)";
				SWIFT_EMIT_LOC_STRINGS = NO;
				SWIFT_VERSION = 5.0;
				TARGETED_DEVICE_FAMILY = "1,2";
				TEST_HOST = "$(BUILT_PRODUCTS_DIR)/StarzPlay.app/$(BUNDLE_EXECUTABLE_FOLDER_PATH)/StarzPlay";
			};
			name = Debug;
		};
		C2009C222BD27F2D0085A3C0 /* Release */ = {
			isa = XCBuildConfiguration;
			buildSettings = {
				ALWAYS_EMBED_SWIFT_STANDARD_LIBRARIES = YES;
				BUNDLE_LOADER = "$(TEST_HOST)";
				CODE_SIGN_STYLE = Automatic;
				CURRENT_PROJECT_VERSION = 1;
				GENERATE_INFOPLIST_FILE = YES;
				IPHONEOS_DEPLOYMENT_TARGET = 17.2;
				MARKETING_VERSION = 1.0;
				PRODUCT_BUNDLE_IDENTIFIER = com.learning.StarzPlayTests;
				PRODUCT_NAME = "$(TARGET_NAME)";
				SWIFT_EMIT_LOC_STRINGS = NO;
				SWIFT_VERSION = 5.0;
				TARGETED_DEVICE_FAMILY = "1,2";
				TEST_HOST = "$(BUILT_PRODUCTS_DIR)/StarzPlay.app/$(BUNDLE_EXECUTABLE_FOLDER_PATH)/StarzPlay";
			};
			name = Release;
		};
		C2009C242BD27F2D0085A3C0 /* Debug */ = {
			isa = XCBuildConfiguration;
			buildSettings = {
				ALWAYS_EMBED_SWIFT_STANDARD_LIBRARIES = YES;
				CODE_SIGN_STYLE = Automatic;
				CURRENT_PROJECT_VERSION = 1;
				GENERATE_INFOPLIST_FILE = YES;
				MARKETING_VERSION = 1.0;
				PRODUCT_BUNDLE_IDENTIFIER = com.learning.StarzPlayUITests;
				PRODUCT_NAME = "$(TARGET_NAME)";
				SWIFT_EMIT_LOC_STRINGS = NO;
				SWIFT_VERSION = 5.0;
				TARGETED_DEVICE_FAMILY = "1,2";
				TEST_TARGET_NAME = StarzPlay;
			};
			name = Debug;
		};
		C2009C252BD27F2D0085A3C0 /* Release */ = {
			isa = XCBuildConfiguration;
			buildSettings = {
				ALWAYS_EMBED_SWIFT_STANDARD_LIBRARIES = YES;
				CODE_SIGN_STYLE = Automatic;
				CURRENT_PROJECT_VERSION = 1;
				GENERATE_INFOPLIST_FILE = YES;
				MARKETING_VERSION = 1.0;
				PRODUCT_BUNDLE_IDENTIFIER = com.learning.StarzPlayUITests;
				PRODUCT_NAME = "$(TARGET_NAME)";
				SWIFT_EMIT_LOC_STRINGS = NO;
				SWIFT_VERSION = 5.0;
				TARGETED_DEVICE_FAMILY = "1,2";
				TEST_TARGET_NAME = StarzPlay;
			};
			name = Release;
		};
/* End XCBuildConfiguration section */

/* Begin XCConfigurationList section */
		C2009BEB2BD27F230085A3C0 /* Build configuration list for PBXProject "StarzPlay" */ = {
			isa = XCConfigurationList;
			buildConfigurations = (
				C2009C1B2BD27F2D0085A3C0 /* Debug */,
				C2009C1C2BD27F2D0085A3C0 /* Release */,
			);
			defaultConfigurationIsVisible = 0;
			defaultConfigurationName = Release;
		};
		C2009C1D2BD27F2D0085A3C0 /* Build configuration list for PBXNativeTarget "StarzPlay" */ = {
			isa = XCConfigurationList;
			buildConfigurations = (
				C2009C1E2BD27F2D0085A3C0 /* Debug */,
				C2009C1F2BD27F2D0085A3C0 /* Release */,
			);
			defaultConfigurationIsVisible = 0;
			defaultConfigurationName = Release;
		};
		C2009C202BD27F2D0085A3C0 /* Build configuration list for PBXNativeTarget "StarzPlayTests" */ = {
			isa = XCConfigurationList;
			buildConfigurations = (
				C2009C212BD27F2D0085A3C0 /* Debug */,
				C2009C222BD27F2D0085A3C0 /* Release */,
			);
			defaultConfigurationIsVisible = 0;
			defaultConfigurationName = Release;
		};
		C2009C232BD27F2D0085A3C0 /* Build configuration list for PBXNativeTarget "StarzPlayUITests" */ = {
			isa = XCConfigurationList;
			buildConfigurations = (
				C2009C242BD27F2D0085A3C0 /* Debug */,
				C2009C252BD27F2D0085A3C0 /* Release */,
			);
			defaultConfigurationIsVisible = 0;
			defaultConfigurationName = Release;
		};
/* End XCConfigurationList section */

/* Begin XCVersionGroup section */
		C2009BFC2BD27F230085A3C0 /* StarzPlay.xcdatamodeld */ = {
			isa = XCVersionGroup;
			children = (
				C2009BFD2BD27F230085A3C0 /* StarzPlay.xcdatamodel */,
			);
			currentVersion = C2009BFD2BD27F230085A3C0 /* StarzPlay.xcdatamodel */;
			path = StarzPlay.xcdatamodeld;
			sourceTree = "<group>";
			versionGroupType = wrapper.xcdatamodel;
		};
/* End XCVersionGroup section */
	};
	rootObject = C2009BE82BD27F230085A3C0 /* Project object */;
}
